
Microsoft Visual Studio Solution File, Format Version 12.00
# Visual Studio Version 17
VisualStudioVersion = 17.6.33829.357
MinimumVisualStudioVersion = 10.0.40219.1
Project("{FAE04EC0-301F-11D3-BF4B-00C04F79EFBC}") = "btth01", "btth01\btth01.csproj", "{04514A42-A3DD-4AEC-9208-3C8B5A2023C9}"
EndProject
Global
	GlobalSection(SolutionConfigurationPlatforms) = preSolution
		Debug|Any CPU = Debug|Any CPU
		Release|Any CPU = Release|Any CPU
	EndGlobalSection
	GlobalSection(ProjectConfigurationPlatforms) = postSolution
		{04514A42-A3DD-4AEC-9208-3C8B5A2023C9}.Debug|Any CPU.ActiveCfg = Debug|Any CPU
		{04514A42-A3DD-4AEC-9208-3C8B5A2023C9}.Debug|Any CPU.Build.0 = Debug|Any CPU
		{04514A42-A3DD-4AEC-9208-3C8B5A2023C9}.Release|Any CPU.ActiveCfg = Release|Any CPU
		{04514A42-A3DD-4AEC-9208-3C8B5A2023C9}.Release|Any CPU.Build.0 = Release|Any CPU
	EndGlobalSection
	GlobalSection(SolutionProperties) = preSolution
		HideSolutionNode = FALSE
	EndGlobalSection
	GlobalSection(ExtensibilityGlobals) = postSolution
		SolutionGuid = {EBF2439E-8735-4298-9800-E1339BB7A204}
	EndGlobalSection
EndGlobal
